
Microsoft Visual Studio Solution File, Format Version 12.00
# Visual Studio 15
VisualStudioVersion = 15.0.27130.0
MinimumVisualStudioVersion = 10.0.40219.1
Project("{FAE04EC0-301F-11D3-BF4B-00C04F79EFBC}") = "SingletonPattern", "Singleton\SingletonPattern.csproj", "{E59C9B19-AC09-427F-A1DF-C0ACBFC03BD6}"
EndProject
Project("{FAE04EC0-301F-11D3-BF4B-00C04F79EFBC}") = "SimpleFactory", "SimpleFactory\SimpleFactory.csproj", "{15559D34-7ED7-4F73-92F6-6246F8B22303}"
EndProject
Project("{FAE04EC0-301F-11D3-BF4B-00C04F79EFBC}") = "FactoryPattern.War3.ServiceExtend", "FactoryPattern.War3.ServiceExtend\FactoryPattern.War3.ServiceExtend.csproj", "{71C6F9F6-72CB-44B0-AEAB-784C7F7E2AD8}"
EndProject
Project("{FAE04EC0-301F-11D3-BF4B-00C04F79EFBC}") = "FactoryPattern.War3.Interface", "FactoryPattern.War3.Interface\FactoryPattern.War3.Interface.csproj", "{9E14B119-E42F-4A46-894C-E73BDCB40A9E}"
EndProject
Project("{FAE04EC0-301F-11D3-BF4B-00C04F79EFBC}") = "FactoryPattern.War3.Service", "FactoryPattern.War3.Service\FactoryPattern.War3.Service.csproj", "{F16F5A67-5BA1-4D36-8536-734CA81A8283}"
EndProject
Project("{FAE04EC0-301F-11D3-BF4B-00C04F79EFBC}") = "AbstractFactory", "AbstractFactory\AbstractFactory.csproj", "{7D026DB3-6986-41A1-8DE0-A6F4EDCDC4C8}"
EndProject
Project("{FAE04EC0-301F-11D3-BF4B-00C04F79EFBC}") = "FactoryMethod", "FactoryMethod\FactoryMethod.csproj", "{CD29B554-D265-4E27-8698-E6EAD5B522E6}"
EndProject
Project("{2150E333-8FDC-42A3-9474-1A3956D46DE8}") = "Singleton", "Singleton", "{16BFFE30-6CB0-415E-AD0B-BF87F26B6699}"
EndProject
Project("{2150E333-8FDC-42A3-9474-1A3956D46DE8}") = "Factory", "Factory", "{BC1AA5CB-2AD3-433F-85C5-B513A6179C12}"
EndProject
Project("{2150E333-8FDC-42A3-9474-1A3956D46DE8}") = "Decorator", "Decorator", "{5466D51C-33CE-4457-BC99-E708A05F6D76}"
EndProject
Project("{FAE04EC0-301F-11D3-BF4B-00C04F79EFBC}") = "DecoratorPattern", "DecoratorPattern\DecoratorPattern.csproj", "{64A8EF5C-F992-454F-B891-DFAEBE2BD74C}"
EndProject
Project("{2150E333-8FDC-42A3-9474-1A3956D46DE8}") = "Observer", "Observer", "{29841AC8-3119-4868-831C-88029CE5EB61}"
EndProject
Project("{FAE04EC0-301F-11D3-BF4B-00C04F79EFBC}") = "ObserverPattern", "ObserverPattern\ObserverPattern\ObserverPattern.csproj", "{1FBB02AB-8706-4056-ACE6-8BDD6DB2944F}"
EndProject
Project("{2150E333-8FDC-42A3-9474-1A3956D46DE8}") = "Proxy", "Proxy", "{A4FC919F-AA30-4AEE-BFBD-1E9E19F63F95}"
EndProject
Project("{FAE04EC0-301F-11D3-BF4B-00C04F79EFBC}") = "ProxyPattern", "ProxyPattern\ProxyPattern.csproj", "{69612825-E267-4103-9C57-A5870AACC556}"
EndProject
Project("{2150E333-8FDC-42A3-9474-1A3956D46DE8}") = "AdapterPattern", "AdapterPattern", "{104A2BC5-394D-499F-9FCE-C119A457B073}"
EndProject
Project("{FAE04EC0-301F-11D3-BF4B-00C04F79EFBC}") = "AdapterPattern", "AdapterPattern\AdapterPattern\AdapterPattern.csproj", "{C3CD7100-F997-414B-90C5-B013A4CBF507}"
EndProject
Project("{2150E333-8FDC-42A3-9474-1A3956D46DE8}") = "ResponsibilityChainPattern", "ResponsibilityChainPattern", "{0100AC30-9FB3-4990-B80C-E3FFF66A1C7C}"
EndProject
Project("{FAE04EC0-301F-11D3-BF4B-00C04F79EFBC}") = "ResponsibilityChainPattern", "ResponsibilityChainPattern\ResponsibilityChainPattern\ResponsibilityChainPattern.csproj", "{2E72D5E9-1001-4EA8-9FA6-CC9EA641D9C2}"
EndProject
Project("{2150E333-8FDC-42A3-9474-1A3956D46DE8}") = "TemplateMethod", "TemplateMethod", "{46DEB2C1-7BE5-4A42-A701-02663FCDCBF3}"
EndProject
Project("{FAE04EC0-301F-11D3-BF4B-00C04F79EFBC}") = "TemplateMethodPattern", "TemplateMethodPattern\TemplateMethodPattern\TemplateMethodPattern.csproj", "{663B0B93-8FFB-4B23-9EC3-81E6D00FFBF7}"
EndProject
Project("{FAE04EC0-301F-11D3-BF4B-00C04F79EFBC}") = "DesignPattern", "DesignPattern\DesignPattern.csproj", "{273BC452-6C1D-47AA-B64C-94682314BC3A}"
EndProject
Global
	GlobalSection(SolutionConfigurationPlatforms) = preSolution
		Debug|Any CPU = Debug|Any CPU
		Release|Any CPU = Release|Any CPU
	EndGlobalSection
	GlobalSection(ProjectConfigurationPlatforms) = postSolution
		{E59C9B19-AC09-427F-A1DF-C0ACBFC03BD6}.Debug|Any CPU.ActiveCfg = Debug|Any CPU
		{E59C9B19-AC09-427F-A1DF-C0ACBFC03BD6}.Debug|Any CPU.Build.0 = Debug|Any CPU
		{E59C9B19-AC09-427F-A1DF-C0ACBFC03BD6}.Release|Any CPU.ActiveCfg = Release|Any CPU
		{E59C9B19-AC09-427F-A1DF-C0ACBFC03BD6}.Release|Any CPU.Build.0 = Release|Any CPU
		{15559D34-7ED7-4F73-92F6-6246F8B22303}.Debug|Any CPU.ActiveCfg = Debug|Any CPU
		{15559D34-7ED7-4F73-92F6-6246F8B22303}.Debug|Any CPU.Build.0 = Debug|Any CPU
		{15559D34-7ED7-4F73-92F6-6246F8B22303}.Release|Any CPU.ActiveCfg = Release|Any CPU
		{15559D34-7ED7-4F73-92F6-6246F8B22303}.Release|Any CPU.Build.0 = Release|Any CPU
		{71C6F9F6-72CB-44B0-AEAB-784C7F7E2AD8}.Debug|Any CPU.ActiveCfg = Debug|Any CPU
		{71C6F9F6-72CB-44B0-AEAB-784C7F7E2AD8}.Debug|Any CPU.Build.0 = Debug|Any CPU
		{71C6F9F6-72CB-44B0-AEAB-784C7F7E2AD8}.Release|Any CPU.ActiveCfg = Release|Any CPU
		{71C6F9F6-72CB-44B0-AEAB-784C7F7E2AD8}.Release|Any CPU.Build.0 = Release|Any CPU
		{9E14B119-E42F-4A46-894C-E73BDCB40A9E}.Debug|Any CPU.ActiveCfg = Debug|Any CPU
		{9E14B119-E42F-4A46-894C-E73BDCB40A9E}.Debug|Any CPU.Build.0 = Debug|Any CPU
		{9E14B119-E42F-4A46-894C-E73BDCB40A9E}.Release|Any CPU.ActiveCfg = Release|Any CPU
		{9E14B119-E42F-4A46-894C-E73BDCB40A9E}.Release|Any CPU.Build.0 = Release|Any CPU
		{F16F5A67-5BA1-4D36-8536-734CA81A8283}.Debug|Any CPU.ActiveCfg = Debug|Any CPU
		{F16F5A67-5BA1-4D36-8536-734CA81A8283}.Debug|Any CPU.Build.0 = Debug|Any CPU
		{F16F5A67-5BA1-4D36-8536-734CA81A8283}.Release|Any CPU.ActiveCfg = Release|Any CPU
		{F16F5A67-5BA1-4D36-8536-734CA81A8283}.Release|Any CPU.Build.0 = Release|Any CPU
		{7D026DB3-6986-41A1-8DE0-A6F4EDCDC4C8}.Debug|Any CPU.ActiveCfg = Debug|Any CPU
		{7D026DB3-6986-41A1-8DE0-A6F4EDCDC4C8}.Debug|Any CPU.Build.0 = Debug|Any CPU
		{7D026DB3-6986-41A1-8DE0-A6F4EDCDC4C8}.Release|Any CPU.ActiveCfg = Release|Any CPU
		{7D026DB3-6986-41A1-8DE0-A6F4EDCDC4C8}.Release|Any CPU.Build.0 = Release|Any CPU
		{CD29B554-D265-4E27-8698-E6EAD5B522E6}.Debug|Any CPU.ActiveCfg = Debug|Any CPU
		{CD29B554-D265-4E27-8698-E6EAD5B522E6}.Debug|Any CPU.Build.0 = Debug|Any CPU
		{CD29B554-D265-4E27-8698-E6EAD5B522E6}.Release|Any CPU.ActiveCfg = Release|Any CPU
		{CD29B554-D265-4E27-8698-E6EAD5B522E6}.Release|Any CPU.Build.0 = Release|Any CPU
		{64A8EF5C-F992-454F-B891-DFAEBE2BD74C}.Debug|Any CPU.ActiveCfg = Debug|Any CPU
		{64A8EF5C-F992-454F-B891-DFAEBE2BD74C}.Debug|Any CPU.Build.0 = Debug|Any CPU
		{64A8EF5C-F992-454F-B891-DFAEBE2BD74C}.Release|Any CPU.ActiveCfg = Release|Any CPU
		{64A8EF5C-F992-454F-B891-DFAEBE2BD74C}.Release|Any CPU.Build.0 = Release|Any CPU
		{1FBB02AB-8706-4056-ACE6-8BDD6DB2944F}.Debug|Any CPU.ActiveCfg = Debug|Any CPU
		{1FBB02AB-8706-4056-ACE6-8BDD6DB2944F}.Debug|Any CPU.Build.0 = Debug|Any CPU
		{1FBB02AB-8706-4056-ACE6-8BDD6DB2944F}.Release|Any CPU.ActiveCfg = Release|Any CPU
		{1FBB02AB-8706-4056-ACE6-8BDD6DB2944F}.Release|Any CPU.Build.0 = Release|Any CPU
		{69612825-E267-4103-9C57-A5870AACC556}.Debug|Any CPU.ActiveCfg = Debug|Any CPU
		{69612825-E267-4103-9C57-A5870AACC556}.Debug|Any CPU.Build.0 = Debug|Any CPU
		{69612825-E267-4103-9C57-A5870AACC556}.Release|Any CPU.ActiveCfg = Release|Any CPU
		{69612825-E267-4103-9C57-A5870AACC556}.Release|Any CPU.Build.0 = Release|Any CPU
		{C3CD7100-F997-414B-90C5-B013A4CBF507}.Debug|Any CPU.ActiveCfg = Debug|Any CPU
		{C3CD7100-F997-414B-90C5-B013A4CBF507}.Debug|Any CPU.Build.0 = Debug|Any CPU
		{C3CD7100-F997-414B-90C5-B013A4CBF507}.Release|Any CPU.ActiveCfg = Release|Any CPU
		{C3CD7100-F997-414B-90C5-B013A4CBF507}.Release|Any CPU.Build.0 = Release|Any CPU
		{2E72D5E9-1001-4EA8-9FA6-CC9EA641D9C2}.Debug|Any CPU.ActiveCfg = Debug|Any CPU
		{2E72D5E9-1001-4EA8-9FA6-CC9EA641D9C2}.Debug|Any CPU.Build.0 = Debug|Any CPU
		{2E72D5E9-1001-4EA8-9FA6-CC9EA641D9C2}.Release|Any CPU.ActiveCfg = Release|Any CPU
		{2E72D5E9-1001-4EA8-9FA6-CC9EA641D9C2}.Release|Any CPU.Build.0 = Release|Any CPU
		{663B0B93-8FFB-4B23-9EC3-81E6D00FFBF7}.Debug|Any CPU.ActiveCfg = Debug|Any CPU
		{663B0B93-8FFB-4B23-9EC3-81E6D00FFBF7}.Debug|Any CPU.Build.0 = Debug|Any CPU
		{663B0B93-8FFB-4B23-9EC3-81E6D00FFBF7}.Release|Any CPU.ActiveCfg = Release|Any CPU
		{663B0B93-8FFB-4B23-9EC3-81E6D00FFBF7}.Release|Any CPU.Build.0 = Release|Any CPU
		{273BC452-6C1D-47AA-B64C-94682314BC3A}.Debug|Any CPU.ActiveCfg = Debug|Any CPU
		{273BC452-6C1D-47AA-B64C-94682314BC3A}.Debug|Any CPU.Build.0 = Debug|Any CPU
		{273BC452-6C1D-47AA-B64C-94682314BC3A}.Release|Any CPU.ActiveCfg = Release|Any CPU
		{273BC452-6C1D-47AA-B64C-94682314BC3A}.Release|Any CPU.Build.0 = Release|Any CPU
	EndGlobalSection
	GlobalSection(SolutionProperties) = preSolution
		HideSolutionNode = FALSE
	EndGlobalSection
	GlobalSection(NestedProjects) = preSolution
		{E59C9B19-AC09-427F-A1DF-C0ACBFC03BD6} = {16BFFE30-6CB0-415E-AD0B-BF87F26B6699}
		{15559D34-7ED7-4F73-92F6-6246F8B22303} = {BC1AA5CB-2AD3-433F-85C5-B513A6179C12}
		{71C6F9F6-72CB-44B0-AEAB-784C7F7E2AD8} = {BC1AA5CB-2AD3-433F-85C5-B513A6179C12}
		{9E14B119-E42F-4A46-894C-E73BDCB40A9E} = {BC1AA5CB-2AD3-433F-85C5-B513A6179C12}
		{F16F5A67-5BA1-4D36-8536-734CA81A8283} = {BC1AA5CB-2AD3-433F-85C5-B513A6179C12}
		{7D026DB3-6986-41A1-8DE0-A6F4EDCDC4C8} = {BC1AA5CB-2AD3-433F-85C5-B513A6179C12}
		{CD29B554-D265-4E27-8698-E6EAD5B522E6} = {BC1AA5CB-2AD3-433F-85C5-B513A6179C12}
		{64A8EF5C-F992-454F-B891-DFAEBE2BD74C} = {5466D51C-33CE-4457-BC99-E708A05F6D76}
		{1FBB02AB-8706-4056-ACE6-8BDD6DB2944F} = {29841AC8-3119-4868-831C-88029CE5EB61}
		{69612825-E267-4103-9C57-A5870AACC556} = {A4FC919F-AA30-4AEE-BFBD-1E9E19F63F95}
		{C3CD7100-F997-414B-90C5-B013A4CBF507} = {104A2BC5-394D-499F-9FCE-C119A457B073}
		{2E72D5E9-1001-4EA8-9FA6-CC9EA641D9C2} = {0100AC30-9FB3-4990-B80C-E3FFF66A1C7C}
		{663B0B93-8FFB-4B23-9EC3-81E6D00FFBF7} = {46DEB2C1-7BE5-4A42-A701-02663FCDCBF3}
	EndGlobalSection
	GlobalSection(ExtensibilityGlobals) = postSolution
		SolutionGuid = {C2C5D19B-A3E8-487C-9F1A-D7EEE3DB0E16}
	EndGlobalSection
EndGlobal
